
Microsoft Visual Studio Solution File, Format Version 12.00
# Visual Studio 15
VisualStudioVersion = 15.0.27703.2042
MinimumVisualStudioVersion = 10.0.40219.1
Project("{FAE04EC0-301F-11D3-BF4B-00C04F79EFBC}") = "WeddingPlanner", "WeddingPlanner\WeddingPlanner.csproj", "{24A6F79A-6E95-456C-B224-4B919EF1118D}"
EndProject
Global
	GlobalSection(SolutionConfigurationPlatforms) = preSolution
		Debug|Any CPU = Debug|Any CPU
		Release|Any CPU = Release|Any CPU
	EndGlobalSection
	GlobalSection(ProjectConfigurationPlatforms) = postSolution
		{24A6F79A-6E95-456C-B224-4B919EF1118D}.Debug|Any CPU.ActiveCfg = Debug|Any CPU
		{24A6F79A-6E95-456C-B224-4B919EF1118D}.Debug|Any CPU.Build.0 = Debug|Any CPU
		{24A6F79A-6E95-456C-B224-4B919EF1118D}.Release|Any CPU.ActiveCfg = Release|Any CPU
		{24A6F79A-6E95-456C-B224-4B919EF1118D}.Release|Any CPU.Build.0 = Release|Any CPU
	EndGlobalSection
	GlobalSection(SolutionProperties) = preSolution
		HideSolutionNode = FALSE
	EndGlobalSection
	GlobalSection(ExtensibilityGlobals) = postSolution
		SolutionGuid = {3E302FA2-13D9-4650-8A70-BA4ABA8CF279}
	EndGlobalSection
EndGlobal
